// !$*UTF8*$!
{
	archiveVersion = 1;
	classes = {
	};
	objectVersion = 46;
	objects = {

/* Begin PBXBuildFile section */
		CC75F3911A4F1B38003AD3D7 /* AppDelegate.swift in Sources */ = {isa = PBXBuildFile; fileRef = CC75F3901A4F1B38003AD3D7 /* AppDelegate.swift */; };
		CC75F3931A4F1B38003AD3D7 /* ViewController.swift in Sources */ = {isa = PBXBuildFile; fileRef = CC75F3921A4F1B38003AD3D7 /* ViewController.swift */; };
		CC75F3961A4F1B38003AD3D7 /* Main.storyboard in Resources */ = {isa = PBXBuildFile; fileRef = CC75F3941A4F1B38003AD3D7 /* Main.storyboard */; };
		CC75F3981A4F1B38003AD3D7 /* Images.xcassets in Resources */ = {isa = PBXBuildFile; fileRef = CC75F3971A4F1B38003AD3D7 /* Images.xcassets */; };
		CC75F39B1A4F1B38003AD3D7 /* LaunchScreen.xib in Resources */ = {isa = PBXBuildFile; fileRef = CC75F3991A4F1B38003AD3D7 /* LaunchScreen.xib */; };
		CC75F3A71A4F1B38003AD3D7 /* PostcardTests.swift in Sources */ = {isa = PBXBuildFile; fileRef = CC75F3A61A4F1B38003AD3D7 /* PostcardTests.swift */; };
/* End PBXBuildFile section */

/* Begin PBXContainerItemProxy section */
		CC75F3A11A4F1B38003AD3D7 /* PBXContainerItemProxy */ = {
			isa = PBXContainerItemProxy;
			containerPortal = CC75F3831A4F1B38003AD3D7 /* Project object */;
			proxyType = 1;
			remoteGlobalIDString = CC75F38A1A4F1B38003AD3D7;
			remoteInfo = Postcard;
		};
/* End PBXContainerItemProxy section */

/* Begin PBXFileReference section */
		CC75F38B1A4F1B38003AD3D7 /* Postcard.app */ = {isa = PBXFileReference; explicitFileType = wrapper.application; includeInIndex = 0; path = Postcard.app; sourceTree = BUILT_PRODUCTS_DIR; };
		CC75F38F1A4F1B38003AD3D7 /* Info.plist */ = {isa = PBXFileReference; lastKnownFileType = text.plist.xml; path = Info.plist; sourceTree = "<group>"; };
		CC75F3901A4F1B38003AD3D7 /* AppDelegate.swift */ = {isa = PBXFileReference; lastKnownFileType = sourcecode.swift; path = AppDelegate.swift; sourceTree = "<group>"; };
		CC75F3921A4F1B38003AD3D7 /* ViewController.swift */ = {isa = PBXFileReference; lastKnownFileType = sourcecode.swift; path = ViewController.swift; sourceTree = "<group>"; };
		CC75F3951A4F1B38003AD3D7 /* Base */ = {isa = PBXFileReference; lastKnownFileType = file.storyboard; name = Base; path = Base.lproj/Main.storyboard; sourceTree = "<group>"; };
		CC75F3971A4F1B38003AD3D7 /* Images.xcassets */ = {isa = PBXFileReference; lastKnownFileType = folder.assetcatalog; path = Images.xcassets; sourceTree = "<group>"; };
		CC75F39A1A4F1B38003AD3D7 /* Base */ = {isa = PBXFileReference; lastKnownFileType = file.xib; name = Base; path = Base.lproj/LaunchScreen.xib; sourceTree = "<group>"; };
		CC75F3A01A4F1B38003AD3D7 /* PostcardTests.xctest */ = {isa = PBXFileReference; explicitFileType = wrapper.cfbundle; includeInIndex = 0; path = PostcardTests.xctest; sourceTree = BUILT_PRODUCTS_DIR; };
		CC75F3A51A4F1B38003AD3D7 /* Info.plist */ = {isa = PBXFileReference; lastKnownFileType = text.plist.xml; path = Info.plist; sourceTree = "<group>"; };
		CC75F3A61A4F1B38003AD3D7 /* PostcardTests.swift */ = {isa = PBXFileReference; lastKnownFileType = sourcecode.swift; path = PostcardTests.swift; sourceTree = "<group>"; };
/* End PBXFileReference section */

/* Begin PBXFrameworksBuildPhase section */
		CC75F3881A4F1B38003AD3D7 /* Frameworks */ = {
			isa = PBXFrameworksBuildPhase;
			buildActionMask = 2147483647;
			files = (
			);
			runOnlyForDeploymentPostprocessing = 0;
		};
		CC75F39D1A4F1B38003AD3D7 /* Frameworks */ = {
			isa = PBXFrameworksBuildPhase;
			buildActionMask = 2147483647;
			files = (
			);
			runOnlyForDeploymentPostprocessing = 0;
		};
/* End PBXFrameworksBuildPhase section */

/* Begin PBXGroup section */
		CC75F3821A4F1B38003AD3D7 = {
			isa = PBXGroup;
			children = (
				CC75F38D1A4F1B38003AD3D7 /* Postcard */,
				CC75F3A31A4F1B38003AD3D7 /* PostcardTests */,
				CC75F38C1A4F1B38003AD3D7 /* Products */,
			);
			sourceTree = "<group>";
		};
		CC75F38C1A4F1B38003AD3D7 /* Products */ = {
			isa = PBXGroup;
			children = (
				CC75F38B1A4F1B38003AD3D7 /* Postcard.app */,
				CC75F3A01A4F1B38003AD3D7 /* PostcardTests.xctest */,
			);
			name = Products;
			sourceTree = "<group>";
		};
		CC75F38D1A4F1B38003AD3D7 /* Postcard */ = {
			isa = PBXGroup;
			children = (
				CC75F3901A4F1B38003AD3D7 /* AppDelegate.swift */,
				CC75F3921A4F1B38003AD3D7 /* ViewController.swift */,
				CC75F3941A4F1B38003AD3D7 /* Main.storyboard */,
				CC75F3971A4F1B38003AD3D7 /* Images.xcassets */,
				CC75F3991A4F1B38003AD3D7 /* LaunchScreen.xib */,
				CC75F38E1A4F1B38003AD3D7 /* Supporting Files */,
			);
			path = Postcard;
			sourceTree = "<group>";
		};
		CC75F38E1A4F1B38003AD3D7 /* Supporting Files */ = {
			isa = PBXGroup;
			children = (
				CC75F38F1A4F1B38003AD3D7 /* Info.plist */,
			);
			name = "Supporting Files";
			sourceTree = "<group>";
		};
		CC75F3A31A4F1B38003AD3D7 /* PostcardTests */ = {
			isa = PBXGroup;
			children = (
				CC75F3A61A4F1B38003AD3D7 /* PostcardTests.swift */,
				CC75F3A41A4F1B38003AD3D7 /* Supporting Files */,
			);
			path = PostcardTests;
			sourceTree = "<group>";
		};
		CC75F3A41A4F1B38003AD3D7 /* Supporting Files */ = {
			isa = PBXGroup;
			children = (
				CC75F3A51A4F1B38003AD3D7 /* Info.plist */,
			);
			name = "Supporting Files";
			sourceTree = "<group>";
		};
/* End PBXGroup section */

/* Begin PBXNativeTarget section */
		CC75F38A1A4F1B38003AD3D7 /* Postcard */ = {
			isa = PBXNativeTarget;
			buildConfigurationList = CC75F3AA1A4F1B38003AD3D7 /* Build configuration list for PBXNativeTarget "Postcard" */;
			buildPhases = (
				CC75F3871A4F1B38003AD3D7 /* Sources */,
				CC75F3881A4F1B38003AD3D7 /* Frameworks */,
				CC75F3891A4F1B38003AD3D7 /* Resources */,
			);
			buildRules = (
			);
			dependencies = (
			);
			name = Postcard;
			productName = Postcard;
			productReference = CC75F38B1A4F1B38003AD3D7 /* Postcard.app */;
			productType = "com.apple.product-type.application";
		};
		CC75F39F1A4F1B38003AD3D7 /* PostcardTests */ = {
			isa = PBXNativeTarget;
			buildConfigurationList = CC75F3AD1A4F1B38003AD3D7 /* Build configuration list for PBXNativeTarget "PostcardTests" */;
			buildPhases = (
				CC75F39C1A4F1B38003AD3D7 /* Sources */,
				CC75F39D1A4F1B38003AD3D7 /* Frameworks */,
				CC75F39E1A4F1B38003AD3D7 /* Resources */,
			);
			buildRules = (
			);
			dependencies = (
				CC75F3A21A4F1B38003AD3D7 /* PBXTargetDependency */,
			);
			name = PostcardTests;
			productName = PostcardTests;
			productReference = CC75F3A01A4F1B38003AD3D7 /* PostcardTests.xctest */;
			productType = "com.apple.product-type.bundle.unit-test";
		};
/* End PBXNativeTarget section */

/* Begin PBXProject section */
		CC75F3831A4F1B38003AD3D7 /* Project object */ = {
			isa = PBXProject;
			attributes = {
				LastUpgradeCheck = 0600;
				ORGANIZATIONNAME = "M. Firza Pratama";
				TargetAttributes = {
					CC75F38A1A4F1B38003AD3D7 = {
						CreatedOnToolsVersion = 6.0;
					};
					CC75F39F1A4F1B38003AD3D7 = {
						CreatedOnToolsVersion = 6.0;
						TestTargetID = CC75F38A1A4F1B38003AD3D7;
					};
				};
			};
			buildConfigurationList = CC75F3861A4F1B38003AD3D7 /* Build configuration list for PBXProject "Postcard" */;
			compatibilityVersion = "Xcode 3.2";
			developmentRegion = English;
			hasScannedForEncodings = 0;
			knownRegions = (
				en,
				Base,
			);
			mainGroup = CC75F3821A4F1B38003AD3D7;
			productRefGroup = CC75F38C1A4F1B38003AD3D7 /* Products */;
			projectDirPath = "";
			projectRoot = "";
			targets = (
				CC75F38A1A4F1B38003AD3D7 /* Postcard */,
				CC75F39F1A4F1B38003AD3D7 /* PostcardTests */,
			);
		};
/* End PBXProject section */

/* Begin PBXResourcesBuildPhase section */
		CC75F3891A4F1B38003AD3D7 /* Resources */ = {
			isa = PBXResourcesBuildPhase;
			buildActionMask = 2147483647;
			files = (
				CC75F3961A4F1B38003AD3D7 /* Main.storyboard in Resources */,
				CC75F39B1A4F1B38003AD3D7 /* LaunchScreen.xib in Resources */,
				CC75F3981A4F1B38003AD3D7 /* Images.xcassets in Resources */,
			);
			runOnlyForDeploymentPostprocessing = 0;
		};
		CC75F39E1A4F1B38003AD3D7 /* Resources */ = {
			isa = PBXResourcesBuildPhase;
			buildActionMask = 2147483647;
			files = (
			);
			runOnlyForDeploymentPostprocessing = 0;
		};
/* End PBXResourcesBuildPhase section */

/* Begin PBXSourcesBuildPhase section */
		CC75F3871A4F1B38003AD3D7 /* Sources */ = {
			isa = PBXSourcesBuildPhase;
			buildActionMask = 2147483647;
			files = (
				CC75F3931A4F1B38003AD3D7 /* ViewController.swift in Sources */,
				CC75F3911A4F1B38003AD3D7 /* AppDelegate.swift in Sources */,
			);
			runOnlyForDeploymentPostprocessing = 0;
		};
		CC75F39C1A4F1B38003AD3D7 /* Sources */ = {
			isa = PBXSourcesBuildPhase;
			buildActionMask = 2147483647;
			files = (
				CC75F3A71A4F1B38003AD3D7 /* PostcardTests.swift in Sources */,
			);
			runOnlyForDeploymentPostprocessing = 0;
		};
/* End PBXSourcesBuildPhase section */

/* Begin PBXTargetDependency section */
		CC75F3A21A4F1B38003AD3D7 /* PBXTargetDependency */ = {
			isa = PBXTargetDependency;
			target = CC75F38A1A4F1B38003AD3D7 /* Postcard */;
			targetProxy = CC75F3A11A4F1B38003AD3D7 /* PBXContainerItemProxy */;
		};
/* End PBXTargetDependency section */

/* Begin PBXVariantGroup section */
		CC75F3941A4F1B38003AD3D7 /* Main.storyboard */ = {
			isa = PBXVariantGroup;
			children = (
				CC75F3951A4F1B38003AD3D7 /* Base */,
			);
			name = Main.storyboard;
			sourceTree = "<group>";
		};
		CC75F3991A4F1B38003AD3D7 /* LaunchScreen.xib */ = {
			isa = PBXVariantGroup;
			children = (
				CC75F39A1A4F1B38003AD3D7 /* Base */,
			);
			name = LaunchScreen.xib;
			sourceTree = "<group>";
		};
/* End PBXVariantGroup section */

/* Begin XCBuildConfiguration section */
		CC75F3A81A4F1B38003AD3D7 /* Debug */ = {
			isa = XCBuildConfiguration;
			buildSettings = {
				ALWAYS_SEARCH_USER_PATHS = NO;
				CLANG_CXX_LANGUAGE_STANDARD = "gnu++0x";
				CLANG_CXX_LIBRARY = "libc++";
				CLANG_ENABLE_MODULES = YES;
				CLANG_ENABLE_OBJC_ARC = YES;
				CLANG_WARN_BOOL_CONVERSION = YES;
				CLANG_WARN_CONSTANT_CONVERSION = YES;
				CLANG_WARN_DIRECT_OBJC_ISA_USAGE = YES_ERROR;
				CLANG_WARN_EMPTY_BODY = YES;
				CLANG_WARN_ENUM_CONVERSION = YES;
				CLANG_WARN_INT_CONVERSION = YES;
				CLANG_WARN_OBJC_ROOT_CLASS = YES_ERROR;
				CLANG_WARN_UNREACHABLE_CODE = YES;
				CLANG_WARN__DUPLICATE_METHOD_MATCH = YES;
				"CODE_SIGN_IDENTITY[sdk=iphoneos*]" = "iPhone Developer";
				COPY_PHASE_STRIP = NO;
				ENABLE_STRICT_OBJC_MSGSEND = YES;
				GCC_C_LANGUAGE_STANDARD = gnu99;
				GCC_DYNAMIC_NO_PIC = NO;
				GCC_OPTIMIZATION_LEVEL = 0;
				GCC_PREPROCESSOR_DEFINITIONS = (
					"DEBUG=1",
					"$(inherited)",
				);
				GCC_SYMBOLS_PRIVATE_EXTERN = NO;
				GCC_WARN_64_TO_32_BIT_CONVERSION = YES;
				GCC_WARN_ABOUT_RETURN_TYPE = YES_ERROR;
				GCC_WARN_UNDECLARED_SELECTOR = YES;
				GCC_WARN_UNINITIALIZED_AUTOS = YES_AGGRESSIVE;
				GCC_WARN_UNUSED_FUNCTION = YES;
				GCC_WARN_UNUSED_VARIABLE = YES;
				IPHONEOS_DEPLOYMENT_TARGET = 8.0;
				MTL_ENABLE_DEBUG_INFO = YES;
				ONLY_ACTIVE_ARCH = YES;
				SDKROOT = iphoneos;
				SWIFT_OPTIMIZATION_LEVEL = "-Onone";
				TARGETED_DEVICE_FAMILY = "1,2";
			};
			name = Debug;
		};
		CC75F3A91A4F1B38003AD3D7 /* Release */ = {
			isa = XCBuildConfiguration;
			buildSettings = {
				ALWAYS_SEARCH_USER_PATHS = NO;
				CLANG_CXX_LANGUAGE_STANDARD = "gnu++0x";
				CLANG_CXX_LIBRARY = "libc++";
				CLANG_ENABLE_MODULES = YES;
				CLANG_ENABLE_OBJC_ARC = YES;
				CLANG_WARN_BOOL_CONVERSION = YES;
				CLANG_WARN_CONSTANT_CONVERSION = YES;
				CLANG_WARN_DIRECT_OBJC_ISA_USAGE = YES_ERROR;
				CLANG_WARN_EMPTY_BODY = YES;
				CLANG_WARN_ENUM_CONVERSION = YES;
				CLANG_WARN_INT_CONVERSION = YES;
				CLANG_WARN_OBJC_ROOT_CLASS = YES_ERROR;
				CLANG_WARN_UNREACHABLE_CODE = YES;
				CLANG_WARN__DUPLICATE_METHOD_MATCH = YES;
				"CODE_SIGN_IDENTITY[sdk=iphoneos*]" = "iPhone Developer";
				COPY_PHASE_STRIP = YES;
				ENABLE_NS_ASSERTIONS = NO;
				ENABLE_STRICT_OBJC_MSGSEND = YES;
				GCC_C_LANGUAGE_STANDARD = gnu99;
				GCC_WARN_64_TO_32_BIT_CONVERSION = YES;
				GCC_WARN_ABOUT_RETURN_TYPE = YES_ERROR;
				GCC_WARN_UNDECLARED_SELECTOR = YES;
				GCC_WARN_UNINITIALIZED_AUTOS = YES_AGGRESSIVE;
				GCC_WARN_UNUSED_FUNCTION = YES;
				GCC_WARN_UNUSED_VARIABLE = YES;
				IPHONEOS_DEPLOYMENT_TARGET = 8.0;
				MTL_ENABLE_DEBUG_INFO = NO;
				SDKROOT = iphoneos;
				TARGETED_DEVICE_FAMILY = "1,2";
				VALIDATE_PRODUCT = YES;
			};
			name = Release;
		};
		CC75F3AB1A4F1B38003AD3D7 /* Debug */ = {
			isa = XCBuildConfiguration;
			buildSettings = {
				ASSETCATALOG_COMPILER_APPICON_NAME = AppIcon;
				INFOPLIST_FILE = Postcard/Info.plist;
				LD_RUNPATH_SEARCH_PATHS = "$(inherited) @executable_path/Frameworks";
				PRODUCT_NAME = "$(TARGET_NAME)";
			};
			name = Debug;
		};
		CC75F3AC1A4F1B38003AD3D7 /* Release */ = {
			isa = XCBuildConfiguration;
			buildSettings = {
				ASSETCATALOG_COMPILER_APPICON_NAME = AppIcon;
				INFOPLIST_FILE = Postcard/Info.plist;
				LD_RUNPATH_SEARCH_PATHS = "$(inherited) @executable_path/Frameworks";
				PRODUCT_NAME = "$(TARGET_NAME)";
			};
			name = Release;
		};
		CC75F3AE1A4F1B38003AD3D7 /* Debug */ = {
			isa = XCBuildConfiguration;
			buildSettings = {
				BUNDLE_LOADER = "$(TEST_HOST)";
				FRAMEWORK_SEARCH_PATHS = (
					"$(SDKROOT)/Developer/Library/Frameworks",
					"$(inherited)",
				);
				GCC_PREPROCESSOR_DEFINITIONS = (
					"DEBUG=1",
					"$(inherited)",
				);
				INFOPLIST_FILE = PostcardTests/Info.plist;
				LD_RUNPATH_SEARCH_PATHS = "$(inherited) @executable_path/Frameworks @loader_path/Frameworks";
				PRODUCT_NAME = "$(TARGET_NAME)";
				TEST_HOST = "$(BUILT_PRODUCTS_DIR)/Postcard.app/Postcard";
			};
			name = Debug;
		};
		CC75F3AF1A4F1B38003AD3D7 /* Release */ = {
			isa = XCBuildConfiguration;
			buildSettings = {
				BUNDLE_LOADER = "$(TEST_HOST)";
				FRAMEWORK_SEARCH_PATHS = (
					"$(SDKROOT)/Developer/Library/Frameworks",
					"$(inherited)",
				);
				INFOPLIST_FILE = PostcardTests/Info.plist;
				LD_RUNPATH_SEARCH_PATHS = "$(inherited) @executable_path/Frameworks @loader_path/Frameworks";
				PRODUCT_NAME = "$(TARGET_NAME)";
				TEST_HOST = "$(BUILT_PRODUCTS_DIR)/Postcard.app/Postcard";
			};
			name = Release;
		};
/* End XCBuildConfiguration section */

/* Begin XCConfigurationList section */
		CC75F3861A4F1B38003AD3D7 /* Build configuration list for PBXProject "Postcard" */ = {
			isa = XCConfigurationList;
			buildConfigurations = (
				CC75F3A81A4F1B38003AD3D7 /* Debug */,
				CC75F3A91A4F1B38003AD3D7 /* Release */,
			);
			defaultConfigurationIsVisible = 0;
			defaultConfigurationName = Release;
		};
		CC75F3AA1A4F1B38003AD3D7 /* Build configuration list for PBXNativeTarget "Postcard" */ = {
			isa = XCConfigurationList;
			buildConfigurations = (
				CC75F3AB1A4F1B38003AD3D7 /* Debug */,
				CC75F3AC1A4F1B38003AD3D7 /* Release */,
			);
			defaultConfigurationIsVisible = 0;
		};
		CC75F3AD1A4F1B38003AD3D7 /* Build configuration list for PBXNativeTarget "PostcardTests" */ = {
			isa = XCConfigurationList;
			buildConfigurations = (
				CC75F3AE1A4F1B38003AD3D7 /* Debug */,
				CC75F3AF1A4F1B38003AD3D7 /* Release */,
			);
			defaultConfigurationIsVisible = 0;
		};
/* End XCConfigurationList section */
	};
	rootObject = CC75F3831A4F1B38003AD3D7 /* Project object */;
}
